{
    "name": "speckit-wizard-canvas",
    "version": "2.0.0",
    "lockfileVersion": 3,
    "requires": true,
    "packages": {
        "": {
            "name": "speckit-wizard-canvas",
            "version": "2.0.0",
            "dependencies": {
                "js-yaml": "^5.4.1"
            },
            "devDependencies": {
                "@playwright/test": "^1.56.1"
            }
        },
        "node_modules/@playwright/test": {
            "version": "1.63.0",
            "resolved": "https://ms-feed-25.pkgs.visualstudio.com/1es-public/_packaging/npm-public/npm/registry/@playwright/test/-/test-1.63.0.tgz",
            "integrity": "sha1-gIAgxG6La5H51ijNDry7Mr39i2w=",
            "dev": true,
            "license": "Apache-2.0",
            "dependencies": {
                "playwright": "1.63.0"
            },
            "bin": {
                "playwright": "cli.js"
            },
            "engines": {
                "node": ">=20"
            }
        },
        "node_modules/argparse": {
            "version": "2.0.1",
            "resolved": "https://registry.npmjs.org/argparse/-/argparse-2.0.1.tgz",
            "integrity": "sha1-JG9Q88p4oyQPbJl+ipvR6sSeSzg=",
            "license": "Python-2.0"
        },
        "node_modules/js-yaml": {
            "version": "5.4.1",
            "resolved": "https://registry.npmjs.org/js-yaml/-/js-yaml-5.4.1.tgz",
            "integrity": "sha512-28R/k+NAjeuf7+CKlTxWZVExJGwVVLwY06DgEnOMz2gEpfNkDcD7QvyiVPT0xy0XXhU8vHsd4Ot42OOPdJG7dQ==",
            "funding": [
                {
                    "type": "github",
                    "url": "https://github.com/sponsors/puzrin"
                },
                {
                    "type": "github",
                    "url": "https://github.com/sponsors/nodeca"
                }
            ],
            "license": "MIT",
            "dependencies": {
                "argparse": "^2.0.1"
            },
            "bin": {
                "js-yaml": "bin/js-yaml.mjs"
            }
        },
        "node_modules/playwright": {
            "version": "1.63.0",
            "resolved": "https://ms-feed-25.pkgs.visualstudio.com/1es-public/_packaging/npm-public/npm/registry/playwright/-/playwright-1.63.0.tgz",
            "integrity": "sha1-mbVvn2mxtwxE8Av4Sy/lI0iuJRE=",
            "dev": true,
            "license": "Apache-2.0",
            "dependencies": {
                "playwright-core": "1.63.0"
            },
            "bin": {
                "playwright": "cli.js"
            },
            "engines": {
                "node": ">=20"
            }
        },
        "node_modules/playwright-core": {
            "version": "1.63.0",
            "resolved": "https://ms-feed-25.pkgs.visualstudio.com/1es-public/_packaging/npm-public/npm/registry/playwright-core/-/playwright-core-1.63.0.tgz",
            "integrity": "sha1-5XZlvDKEbCE6w5oeTVvGIo52s3Y=",
            "dev": true,
            "license": "Apache-2.0",
            "bin": {
                "playwright-core": "cli.js"
            },
            "engines": {
                "node": ">=20"
            }
        }
    }
}
